
Microsoft Visual Studio Solution File, Format Version 12.00
# Visual Studio Version 17
VisualStudioVersion = 17.3.32929.385
MinimumVisualStudioVersion = 10.0.40219.1
Project("{FAE04EC0-301F-11D3-BF4B-00C04F79EFBC}") = "Task1", "Task1\Task1.csproj", "{05B7D184-A1CC-4176-81C0-6FEC8F6D15B1}"
EndProject
Global
	GlobalSection(SolutionConfigurationPlatforms) = preSolution
		Debug|Any CPU = Debug|Any CPU
		Release|Any CPU = Release|Any CPU
	EndGlobalSection
	GlobalSection(ProjectConfigurationPlatforms) = postSolution
		{05B7D184-A1CC-4176-81C0-6FEC8F6D15B1}.Debug|Any CPU.ActiveCfg = Debug|Any CPU
		{05B7D184-A1CC-4176-81C0-6FEC8F6D15B1}.Debug|Any CPU.Build.0 = Debug|Any CPU
		{05B7D184-A1CC-4176-81C0-6FEC8F6D15B1}.Release|Any CPU.ActiveCfg = Release|Any CPU
		{05B7D184-A1CC-4176-81C0-6FEC8F6D15B1}.Release|Any CPU.Build.0 = Release|Any CPU
	EndGlobalSection
	GlobalSection(SolutionProperties) = preSolution
		HideSolutionNode = FALSE
	EndGlobalSection
	GlobalSection(ExtensibilityGlobals) = postSolution
		SolutionGuid = {39B54456-5E66-44E8-9E84-EF98ABEF1497}
	EndGlobalSection
EndGlobal
